{
  "name": "@taurasdub/task3",
  "version": "1.0.0",
  "lockfileVersion": 2,
  "requires": true,
  "packages": {
    "": {
      "name": "@taurasdub/task3",
      "version": "1.0.0",
      "license": "ISC",
      "dependencies": {
        "obj-and-arr-methods": "^1.0.0"
      },
      "devDependencies": {}
    },
    "node_modules/obj-and-arr-methods": {
      "resolved": "",
      "link": true
    }
  },
  "dependencies": {
    "obj-and-arr-methods": {
      "version": "file:",
      "requires": {
        "obj-and-arr-methods": "^1.0.0"
      }
    }
  }
}
